
Microsoft Visual Studio Solution File, Format Version 12.00
# Visual Studio Version 17
VisualStudioVersion = 17.14.36511.14
MinimumVisualStudioVersion = 10.0.40219.1
Project("{8BC9CEB8-8B4A-11D0-8D11-00A0C91BC942}") = "Pirmoji-uzduotis", "Pirmoji-uzduotis.vcxproj", "{81EE9292-822B-4AE2-BA41-3B1358C2EB5E}"
	ProjectSection(ProjectDependencies) = postProject
		{1581864E-CD20-43CF-A7EE-9AA00812BD68} = {1581864E-CD20-43CF-A7EE-9AA00812BD68}
	EndProjectSection
EndProject
Project("{8BC9CEB8-8B4A-11D0-8D11-00A0C91BC942}") = "Studentu_Dill", "..\Studentu_Dill\Studentu_Dill.vcxproj", "{1581864E-CD20-43CF-A7EE-9AA00812BD68}"
EndProject
Project("{54435603-DBB4-11D2-8724-00A0C9A8B90C}") = "Pirmoji-uzduotis_Setup", "..\Pirmoji-uzduotis_Setup\Pirmoji-uzduotis_Setup.vdproj", "{EB15F08C-8AD2-1009-31A0-702C73FDC437}"
EndProject
Global
	GlobalSection(SolutionConfigurationPlatforms) = preSolution
		Debug|x64 = Debug|x64
		Debug|x86 = Debug|x86
		Release|x64 = Release|x64
		Release|x86 = Release|x86
	EndGlobalSection
	GlobalSection(ProjectConfigurationPlatforms) = postSolution
		{81EE9292-822B-4AE2-BA41-3B1358C2EB5E}.Debug|x64.ActiveCfg = Debug|x64
		{81EE9292-822B-4AE2-BA41-3B1358C2EB5E}.Debug|x64.Build.0 = Debug|x64
		{81EE9292-822B-4AE2-BA41-3B1358C2EB5E}.Debug|x86.ActiveCfg = Release|Win32
		{81EE9292-822B-4AE2-BA41-3B1358C2EB5E}.Debug|x86.Build.0 = Release|Win32
		{81EE9292-822B-4AE2-BA41-3B1358C2EB5E}.Release|x64.ActiveCfg = Release|x64
		{81EE9292-822B-4AE2-BA41-3B1358C2EB5E}.Release|x64.Build.0 = Release|x64
		{81EE9292-822B-4AE2-BA41-3B1358C2EB5E}.Release|x86.ActiveCfg = Release|Win32
		{81EE9292-822B-4AE2-BA41-3B1358C2EB5E}.Release|x86.Build.0 = Release|Win32
		{1581864E-CD20-43CF-A7EE-9AA00812BD68}.Debug|x64.ActiveCfg = Debug|x64
		{1581864E-CD20-43CF-A7EE-9AA00812BD68}.Debug|x64.Build.0 = Debug|x64
		{1581864E-CD20-43CF-A7EE-9AA00812BD68}.Debug|x86.ActiveCfg = Debug|Win32
		{1581864E-CD20-43CF-A7EE-9AA00812BD68}.Debug|x86.Build.0 = Debug|Win32
		{1581864E-CD20-43CF-A7EE-9AA00812BD68}.Release|x64.ActiveCfg = Release|x64
		{1581864E-CD20-43CF-A7EE-9AA00812BD68}.Release|x64.Build.0 = Release|x64
		{1581864E-CD20-43CF-A7EE-9AA00812BD68}.Release|x86.ActiveCfg = Release|Win32
		{1581864E-CD20-43CF-A7EE-9AA00812BD68}.Release|x86.Build.0 = Release|Win32
		{EB15F08C-8AD2-1009-31A0-702C73FDC437}.Debug|x64.ActiveCfg = Debug
		{EB15F08C-8AD2-1009-31A0-702C73FDC437}.Debug|x86.ActiveCfg = Debug
		{EB15F08C-8AD2-1009-31A0-702C73FDC437}.Release|x64.ActiveCfg = Release
		{EB15F08C-8AD2-1009-31A0-702C73FDC437}.Release|x86.ActiveCfg = Release
	EndGlobalSection
	GlobalSection(SolutionProperties) = preSolution
		HideSolutionNode = FALSE
	EndGlobalSection
	GlobalSection(ExtensibilityGlobals) = postSolution
		SolutionGuid = {A77F35F6-1B63-47F7-BD36-434590D781A7}
	EndGlobalSection
EndGlobal
